{
  "requires": true,
  "lockfileVersion": 1,
  "dependencies": {
    "startbootstrap-landing-page": {
      "version": "3.3.7",
      "resolved": "https://registry.npmjs.org/startbootstrap-landing-page/-/startbootstrap-landing-page-3.3.7.tgz",
      "integrity": "sha1-DaIExJ2klgEBJE/d7ME2XXJb4Gk="
    }
  }
}
